{
  "version": 4,
  "terraform_version": "1.15.6",
  "serial": 20,
  "lineage": "fb21b02a-8da7-b5a0-e39a-99fa1f68f4f0",
  "outputs": {
    "application_name": {
      "value": "Komal",
      "type": "string"
    },
    "environment_name": {
      "value": "default-dev",
      "type": "string"
    },
    "environment_prefix": {
      "value": "Komal-default-dev",
      "type": "string"
    },
    "password": {
      "value": "Komal@1234",
      "type": "string",
      "sensitive": true
    },
    "suffix": {
      "value": "hx+_e(",
      "type": "string"
    }
  },
  "resources": [
    {
      "mode": "managed",
      "type": "random_string",
      "name": "suffix",
      "provider": "provider[\"registry.terraform.io/hashicorp/random\"]",
      "instances": [
        {
          "schema_version": 2,
          "attributes": {
            "id": "hx+_e(",
            "keepers": null,
            "length": 6,
            "lower": true,
            "min_lower": 0,
            "min_numeric": 0,
            "min_special": 0,
            "min_upper": 0,
            "number": true,
            "numeric": true,
            "override_special": null,
            "result": "hx+_e(",
            "special": true,
            "upper": false
          },
          "sensitive_attributes": [],
          "identity_schema_version": 0
        }
      ]
    }
  ],
  "check_results": null
}
