{
  "version": 4,
  "terraform_version": "1.15.6",
  "serial": 40,
  "lineage": "c5d426b2-4438-55bf-38dd-fb103745861d",
  "outputs": {
    "application_name": {
      "value": "application_name : Hahahahahahahahhahahha",
      "type": "string"
    },
    "boolean": {
      "value": true,
      "type": "bool"
    },
    "enviroment_prefix": {
      "value": "enviroment_prefix : komal-dev",
      "type": "string"
    },
    "listof": {
      "value": [
        "apple",
        "mango",
        "banana"
      ],
      "type": [
        "list",
        "string"
      ]
    },
    "mapof": {
      "value": {
        "age": "24",
        "name": "komal"
      },
      "type": [
        "map",
        "string"
      ]
    },
    "numeric": {
      "value": 1234,
      "type": "number"
    },
    "setof": {
      "value": [
        1,
        2,
        3,
        4,
        5
      ],
      "type": [
        "set",
        "number"
      ]
    },
    "suffix_length": {
      "value": {
        "id": "$",
        "keepers": null,
        "length": 1,
        "lower": true,
        "min_lower": 0,
        "min_numeric": 0,
        "min_special": 0,
        "min_upper": 0,
        "number": true,
        "numeric": true,
        "override_special": null,
        "result": "$",
        "special": true,
        "upper": false
      },
      "type": [
        "object",
        {
          "id": "string",
          "keepers": [
            "map",
            "string"
          ],
          "length": "number",
          "lower": "bool",
          "min_lower": "number",
          "min_numeric": "number",
          "min_special": "number",
          "min_upper": "number",
          "number": "bool",
          "numeric": "bool",
          "override_special": "string",
          "result": "string",
          "special": "bool",
          "upper": "bool"
        }
      ]
    }
  },
  "resources": [
    {
      "mode": "managed",
      "type": "random_string",
      "name": "suffix",
      "provider": "provider[\"registry.terraform.io/hashicorp/random\"]",
      "instances": [
        {
          "schema_version": 2,
          "attributes": {
            "id": "$",
            "keepers": null,
            "length": 1,
            "lower": true,
            "min_lower": 0,
            "min_numeric": 0,
            "min_special": 0,
            "min_upper": 0,
            "number": true,
            "numeric": true,
            "override_special": null,
            "result": "$",
            "special": true,
            "upper": false
          },
          "sensitive_attributes": [],
          "identity_schema_version": 0
        }
      ]
    }
  ],
  "check_results": null
}
